github.com/bradleyjkemp/cupaloy/v2 v2.5.0/go.mod h1:TD5UU0rdYTbu/TtuwFuWrtiRARuN7mtRipvs/bsShSE=
github.com/bradleyjkemp/memviz v0.2.3 h1:8fqKnV1xQz4NQkDy5Gklhm9fGtUK+R3oW0z1unBDFGY=
github.com/bradleyjkemp/memviz v0.2.3/go.mod h1:meU694rvawW7NqtNLtlg+TEU+UqAjrbJayEPZQUSOBs=
github.com/bxcodec/faker v2.0.1+incompatible h1:P0KUpUw5w6WJXwrPfv35oc91i4d8nf40Nwln+M/+faA=
github.com/bxcodec/faker v2.0.1+incompatible/go.mod h1:BNzfpVdTwnFJ6GtfYTcQu6l6rHShT+veBxNCnjCx5XM=
github.com/bxcodec/faker/v3 v3.0.0 h1:ngUvDORKriSpNplR+OdlLwY0bvxJiVevVnh49uEZx/I=
github.com/bxcodec/faker/v3 v3.0.0/go.mod h1:BLqI1uTe+7fIH/UFHr/oFLjHEvWCtZDf/cnic78+LPs=
github.com/codingberg/benchgraph v0.0.0-20160127080251-f9c026b66777 h1:mmgBib4GoDuJNRi4uMGud/0qyEAR3b4FQHP09okD1UQ=
github.com/codingberg/benchgraph v0.0.0-20160127080251-f9c026b66777/go.mod h1:37Q6FhLwKZE/iuUMp96u0E/8IgwG7xriqeF2mRfewTs=
github.com/davecgh/go-spew v1.1.0 h1:ZDRjVQ15GmhC3fiQ8ni8+OwkZQO4DARzQgrnXU1Liz8=
github.com/davecgh/go-spew v1.1.0/go.mod h1:J7Y8YcW2NihsgmVo/mv3lAwl/skON4iLHjSsI+c5H38=
github.com/davecgh/go-spew v1.1.1 h1:vj9j/u1bqnvCEfJOwUhtlOARqs3+rkHYY13jYWTU97c=
github.com/davecgh/go-spew v1.1.1/go.mod h1:J7Y8YcW2NihsgmVo/mv3lAwl/skON4iLHjSsI+c5H38=
github.com/divan/gobenchui v0.0.0-20160226094309-a6b1cf870779 h1:wgrJeFzkPSTYLvcWOWVviNoB5SlMDTP69g7Y3ZktPC8=
github.com/divan/gobenchui v0.0.0-20160226094309-a6b1cf870779/go.mod h1:gix3O5DZ9rD22k2gz4eeUa57uc/7RfTBBrIPQPv61nw=
github.com/elazarl/go-bindata-assetfs v1.0.0 h1:G/bYguwHIzWq9ZoyUQqrjTmJbbYn3j3CKKpKinvZLFk=
github.com/elazarl/go-bindata-assetfs v1.0.0/go.mod h1:v+YaWX3bdea5J/mo8dSETolEo7R71Vk1u8bnjau5yw4=
github.com/fatih/color v1.7.0 h1:DkWD4oS2D8LGGgTQ6IvwJJXSL5Vp2ffcQg58nFV38Ys=
github.com/fatih/color v1.7.0/go.mod h1:Zm6kSWBoL9eyXnKyktHP6abPY2pDugNf5KwzbycvMj4=
github.com/mattn/go-colorable v0.1.1 h1:G1f5SKeVxmagw/IyvzvtZE4Gybcc4Tr1tf7I8z0XgOg=
github.com/mattn/go-colorable v0.1.1/go.mod h1:FuOcm+DKB9mbwrcAfNl7/TZVBZ6rcnceauSikq3lYCQ=
github.com/mattn/go-isatty v0.0.5/go.mod h1:Iq45c/XA43vh69/j3iqttzPXn0bhXyGjM0Hdxcsrc5s=
github.com/mattn/go-isatty v0.0.7 h1:UvyT9uN+3r7yLEYSlJsbQGdsaB/a0DlgWP3pql6iwOc=
github.com/mattn/go-isatty v0.0.7/go.mod h1:Iq45c/XA43vh69/j3iqttzPXn0bhXyGjM0Hdxcsrc5s=
github.com/pmezard/go-difflib v1.0.0 h1:4DBwDE0NGyQoBHbLQYPwSUPoCMWR5BEzIk/f1lZbAQM=
github.com/pmezard/go-difflib v1.0.0/go.mod h1:iKH77koFhYxTK1pcRnkKkqfTogsbg7gZNVY4sRDYZ/4=
github.com/stretchr/objx v0.1.0/go.mod h1:HFkY916IF+rwdDfMAkV7OtwuqBVzrE8GR6GFx+wExME=
github.com/stretchr/objx v0.1.1/go.mod h1:HFkY916IF+rwdDfMAkV7OtwuqBVzrE8GR6GFx+wExME=
github.com/stretchr/objx v0.2.0 h1:Hbg2NidpLE8veEBkEZTL3CvlkUIVzuU9jDplZO54c48=
github.com/stretchr/objx v0.2.0/go.mod h1:qt09Ya8vawLte6SNmTgCsAVtYtaKzEcn8ATUoHMkEqE=
github.com/stretchr/testify v1.2.2/go.mod h1:a8OnRcib4nhh0OaRAV+Yts87kKdq0PP7pXfy6kDkUVs=
github.com/stretchr/testify v1.3.0 h1:TivCn/peBQ7UY8ooIcPgZFpTNSz0Q2U6UrFlUfqbe0Q=
github.com/stretchr/testify v1.3.0/go.mod h1:M5WIy9Dh21IEIfnGCwXGc5bZfKNJtfHm1UVUgZn+9EI=
golang.org/x/crypto v0.0.0-20190308221718-c2843e01d9a2/go.mod h1:djNgcEr1/C05ACkg1iLfiJU5Ep61QUkGW8qpdssI0+w=
golang.org/x/crypto v0.0.0-20190404164418-38d8ce5564a5/go.mod h1:WFFai1msRO1wXaEeE5yQxYXgSfI8pQAWXbQop6sCtWE=
golang.org/x/lint v0.0.0-20190313153728-d0100b6bd8b3/go.mod h1:6SW0HCj/g11FgYtHlgUYUwCkIfeOF89ocIRzGO/8vkc=
golang.org/x/lint v0.0.0-20190409202823-959b441ac422/go.mod h1:6SW0HCj/g11FgYtHlgUYUwCkIfeOF89ocIRzGO/8vkc=
golang.org/x/net v0.0.0-20190311183353-d8887717615a/go.mod h1:t9HGtf8HONx5eT2rtn7q6eTqICYqUVnKs3thJo3Qplg=
golang.org/x/net v0.0.0-20190404232315-eb5bcb51f2a3 h1:0GoQqolDA55aaLxZyTzK/Y2ePZzZTUrRacwib7cNsYQ=
golang.org/x/net v0.0.0-20190404232315-eb5bcb51f2a3/go.mod h1:t9HGtf8HONx5eT2rtn7q6eTqICYqUVnKs3thJo3Qplg=
golang.org/x/sys v0.0.0-20190215142949-d0b11bdaac8a/go.mod h1:STP8DvDyc/dI5b8T5hshtkjS+E42TnysNCUPdjciGhY=
golang.org/x/sys v0.0.0-20190222072716-a9d3bda3a223/go.mod h1:STP8DvDyc/dI5b8T5hshtkjS+E42TnysNCUPdjciGhY=
golang.org/x/sys v0.0.0-20190403152447-81d4e9dc473e/go.mod h1:h1NjWce9XRLGQEsW7wpKNCjG9DtNlClVuFLEZdDNbEs=
golang.org/x/sys v0.0.0-20190405154228-4b34438f7a67/go.mod h1:h1NjWce9XRLGQEsW7wpKNCjG9DtNlClVuFLEZdDNbEs=
golang.org/x/text v0.3.0/go.mod h1:NqM8EUOU14njkJ3fqMW+pc6Ldnwhi/IjpwHt7yyuwOQ=
golang.org/x/tools v0.0.0-20190311212946-11955173bddd/go.mod h1:LCzVGOaR6xXOjkQ3onu1FJEFr0SW1gC7cKk1uF8kGRs=
golang.org/x/tools v0.0.0-20190405180640-052fc3cfdbc2/go.mod h1:LCzVGOaR6xXOjkQ3onu1FJEFr0SW1gC7cKk1uF8kGRs=
golang.org/x/tools v0.0.0-20190409223705-96f2e7ef861b h1:qaZhm9GNlLo8txJvCT55uhD66Vaa1MpdhB6ULJ46O3s=
golang.org/x/tools v0.0.0-20190409223705-96f2e7ef861b/go.mod h1:LCzVGOaR6xXOjkQ3onu1FJEFr0SW1gC7cKk1uF8kGRs=
